
Microsoft Visual Studio Solution File, Format Version 12.00
# Visual Studio 15
VisualStudioVersion = 15.0.28010.2036
MinimumVisualStudioVersion = 10.0.40219.1
Project("{FAE04EC0-301F-11D3-BF4B-00C04F79EFBC}") = "KinectV2OpenTrack", "KinectV2OpenTrack\KinectV2OpenTrack.csproj", "{171542D0-43A4-466E-8266-41F5460C9620}"
EndProject
Global
	GlobalSection(SolutionConfigurationPlatforms) = preSolution
		Debug|Any CPU = Debug|Any CPU
		Release|Any CPU = Release|Any CPU
	EndGlobalSection
	GlobalSection(ProjectConfigurationPlatforms) = postSolution
		{171542D0-43A4-466E-8266-41F5460C9620}.Debug|Any CPU.ActiveCfg = Debug|Any CPU
		{171542D0-43A4-466E-8266-41F5460C9620}.Debug|Any CPU.Build.0 = Debug|Any CPU
		{171542D0-43A4-466E-8266-41F5460C9620}.Release|Any CPU.ActiveCfg = Release|Any CPU
		{171542D0-43A4-466E-8266-41F5460C9620}.Release|Any CPU.Build.0 = Release|Any CPU
	EndGlobalSection
	GlobalSection(SolutionProperties) = preSolution
		HideSolutionNode = FALSE
	EndGlobalSection
	GlobalSection(ExtensibilityGlobals) = postSolution
		SolutionGuid = {EFF400E6-7E17-497C-9F83-EFDC3770A686}
	EndGlobalSection
EndGlobal
